
Microsoft Visual Studio Solution File, Format Version 12.00
# Visual Studio Version 17
VisualStudioVersion = 17.10.34928.147
MinimumVisualStudioVersion = 10.0.40219.1
Project("{FAE04EC0-301F-11D3-BF4B-00C04F79EFBC}") = "Krasnyanskaya221327_Lab01_Sem5_Ver2", "Krasnyanskaya221327_Lab01_Sem5_Ver2.csproj", "{2B7DC02A-FCE2-477C-951D-52E06ABBC65F}"
EndProject
Global
	GlobalSection(SolutionConfigurationPlatforms) = preSolution
		Debug|Any CPU = Debug|Any CPU
		Release|Any CPU = Release|Any CPU
	EndGlobalSection
	GlobalSection(ProjectConfigurationPlatforms) = postSolution
		{2B7DC02A-FCE2-477C-951D-52E06ABBC65F}.Debug|Any CPU.ActiveCfg = Debug|Any CPU
		{2B7DC02A-FCE2-477C-951D-52E06ABBC65F}.Debug|Any CPU.Build.0 = Debug|Any CPU
		{2B7DC02A-FCE2-477C-951D-52E06ABBC65F}.Release|Any CPU.ActiveCfg = Release|Any CPU
		{2B7DC02A-FCE2-477C-951D-52E06ABBC65F}.Release|Any CPU.Build.0 = Release|Any CPU
	EndGlobalSection
	GlobalSection(SolutionProperties) = preSolution
		HideSolutionNode = FALSE
	EndGlobalSection
	GlobalSection(ExtensibilityGlobals) = postSolution
		SolutionGuid = {4304AAFB-15B4-499D-BE63-AC2394BCCDF2}
	EndGlobalSection
EndGlobal
